
Microsoft Visual Studio Solution File, Format Version 12.00
# Visual Studio Version 17
VisualStudioVersion = 17.0.31919.166
MinimumVisualStudioVersion = 10.0.40219.1
Project("{FAE04EC0-301F-11D3-BF4B-00C04F79EFBC}") = "TestMongoDB", "TestMongoDB\TestMongoDB.csproj", "{935F4E89-6891-4A6C-BB68-56914F29CCDB}"
EndProject
Global
	GlobalSection(SolutionConfigurationPlatforms) = preSolution
		Debug|Any CPU = Debug|Any CPU
		Release|Any CPU = Release|Any CPU
	EndGlobalSection
	GlobalSection(ProjectConfigurationPlatforms) = postSolution
		{935F4E89-6891-4A6C-BB68-56914F29CCDB}.Debug|Any CPU.ActiveCfg = Debug|Any CPU
		{935F4E89-6891-4A6C-BB68-56914F29CCDB}.Debug|Any CPU.Build.0 = Debug|Any CPU
		{935F4E89-6891-4A6C-BB68-56914F29CCDB}.Release|Any CPU.ActiveCfg = Release|Any CPU
		{935F4E89-6891-4A6C-BB68-56914F29CCDB}.Release|Any CPU.Build.0 = Release|Any CPU
	EndGlobalSection
	GlobalSection(SolutionProperties) = preSolution
		HideSolutionNode = FALSE
	EndGlobalSection
	GlobalSection(ExtensibilityGlobals) = postSolution
		SolutionGuid = {9DE4FA1C-3627-4094-BA4D-9BF8D2F1AD0E}
	EndGlobalSection
EndGlobal
